<?xml version="1.0" encoding="utf-8"?>
<Project ToolsVersion="4.0" xmlns="http://schemas.microsoft.com/developer/msbuild/2003">
  <ItemGroup>
    <ClCompile Include="D3D12_Adventure.cpp">
      <Filter>src</Filter>
    </ClCompile>
    <ClCompile Include="Framework\DXSample.cpp">
      <Filter>src</Filter>
    </ClCompile>
    <ClCompile Include="Main.cpp">
      <Filter>src</Filter>
    </ClCompile>
    <ClCompile Include="Framework\stdafx.cpp">
      <Filter>src</Filter>
    </ClCompile>
    <ClCompile Include="Framework\Win32Application.cpp">
      <Filter>src</Filter>
    </ClCompile>
  </ItemGroup>
  <ItemGroup>
    <ClInclude Include="D3D12_Adventure.h">
      <Filter>src</Filter>
    </ClInclude>
    <ClInclude Include="Framework\d3dx12.h">
      <Filter>src</Filter>
    </ClInclude>
    <ClInclude Include="Framework\DXSample.h">
      <Filter>src</Filter>
    </ClInclude>
    <ClInclude Include="Framework\DXSampleHelper.h">
      <Filter>src</Filter>
    </ClInclude>
    <ClInclude Include="Framework\stdafx.h">
      <Filter>src</Filter>
    </ClInclude>
    <ClInclude Include="Framework\Win32Application.h">
      <Filter>src</Filter>
    </ClInclude>
  </ItemGroup>
  <ItemGroup>
    <Filter Include="shaders">
      <UniqueIdentifier>{7d5aa46b-881a-4b51-b51f-14b5f3c0e49c}</UniqueIdentifier>
    </Filter>
    <Filter Include="src">
      <UniqueIdentifier>{54f4ac3e-3c36-4d2a-850f-7d3f319679bd}</UniqueIdentifier>
    </Filter>
  </ItemGroup>
  <ItemGroup>
    <CustomBuild Include="shaders.hlsl">
      <Filter>shaders</Filter>
    </CustomBuild>
  </ItemGroup>
</Project>